
Microsoft Visual Studio Solution File, Format Version 12.00
# Visual Studio Version 17
VisualStudioVersion = 17.3.32929.385
MinimumVisualStudioVersion = 10.0.40219.1
Project("{FAE04EC0-301F-11D3-BF4B-00C04F79EFBC}") = "prac10", "prac10\prac10.csproj", "{D4324293-72E6-46EF-ADFE-24305781ADE4}"
EndProject
Global
	GlobalSection(SolutionConfigurationPlatforms) = preSolution
		Debug|Any CPU = Debug|Any CPU
		Release|Any CPU = Release|Any CPU
	EndGlobalSection
	GlobalSection(ProjectConfigurationPlatforms) = postSolution
		{D4324293-72E6-46EF-ADFE-24305781ADE4}.Debug|Any CPU.ActiveCfg = Debug|Any CPU
		{D4324293-72E6-46EF-ADFE-24305781ADE4}.Debug|Any CPU.Build.0 = Debug|Any CPU
		{D4324293-72E6-46EF-ADFE-24305781ADE4}.Release|Any CPU.ActiveCfg = Release|Any CPU
		{D4324293-72E6-46EF-ADFE-24305781ADE4}.Release|Any CPU.Build.0 = Release|Any CPU
	EndGlobalSection
	GlobalSection(SolutionProperties) = preSolution
		HideSolutionNode = FALSE
	EndGlobalSection
	GlobalSection(ExtensibilityGlobals) = postSolution
		SolutionGuid = {EE5EF495-A5CB-470C-963B-1CE545E1C58F}
	EndGlobalSection
EndGlobal
